
Microsoft Visual Studio Solution File, Format Version 12.00
# Visual Studio Version 17
VisualStudioVersion = 17.4.33110.190
MinimumVisualStudioVersion = 10.0.40219.1
Project("{9A19103F-16F7-4668-BE54-9A1E7A4F7556}") = "YouTube", "YouTube\YouTube.csproj", "{15C93AE6-62F1-429D-875D-8D7B71CAC198}"
EndProject
Project("{9A19103F-16F7-4668-BE54-9A1E7A4F7556}") = "KudvenkatYoutube", "KudvenkatYoutube\KudvenkatYoutube.csproj", "{08891816-C296-4A67-8321-2CEFE1236FA3}"
EndProject
Project("{9A19103F-16F7-4668-BE54-9A1E7A4F7556}") = "AbstractClassExample", "AbstractClassExample\AbstractClassExample.csproj", "{D575092E-6C28-423B-8A54-F7B88113EF02}"
EndProject
Project("{9A19103F-16F7-4668-BE54-9A1E7A4F7556}") = "InterFaceExample", "InterFaceExample\InterFaceExample.csproj", "{B48910A6-3E31-41B8-8AF4-7929F83D6D9D}"
EndProject
Project("{9A19103F-16F7-4668-BE54-9A1E7A4F7556}") = "AccessModifiers", "AccessModifiers\AccessModifiers.csproj", "{2A5C3F8F-76AA-4BF0-9D9D-DAB7A04CA379}"
EndProject
Project("{9A19103F-16F7-4668-BE54-9A1E7A4F7556}") = "DictionaryExample", "DictionaryExample\DictionaryExample.csproj", "{BBE0C6B9-B0F0-48E4-9A8B-3947589F9E23}"
EndProject
Project("{9A19103F-16F7-4668-BE54-9A1E7A4F7556}") = "DelegatesExample", "DelegatesExample\DelegatesExample.csproj", "{B921FDD0-18B8-4EB2-98C7-C68794E3475D}"
EndProject
Project("{9A19103F-16F7-4668-BE54-9A1E7A4F7556}") = "JSONDemo", "JSONDemo\JSONDemo.csproj", "{6E6E4D0B-0464-4F00-A587-9366D6B25031}"
EndProject
Project("{9A19103F-16F7-4668-BE54-9A1E7A4F7556}") = "JSONDemo1", "JSONDemo1\JSONDemo1.csproj", "{9E4EA751-63A8-4BE5-A449-30BFE35CBF1E}"
EndProject
Project("{9A19103F-16F7-4668-BE54-9A1E7A4F7556}") = "KudvenkatBasics", "..\..\KudvenkatBasics\KudvenkatBasics\KudvenkatBasics\KudvenkatBasics.csproj", "{CC5508E6-F2BC-4B84-A2CF-3B9A6D216BE3}"
EndProject
Project("{9A19103F-16F7-4668-BE54-9A1E7A4F7556}") = "UdemyLearn", "..\..\UdemyLearn\UdemyLearn\UdemyLearn.csproj", "{A1BA9323-06D7-4393-8CCD-B18F5015A4B9}"
EndProject
Project("{FAE04EC0-301F-11D3-BF4B-00C04F79EFBC}") = "ExceptionHandling", "ExceptionHandling\ExceptionHandling.csproj", "{2C74BD13-34ED-4B66-A957-51BA25F46C36}"
EndProject
Global
	GlobalSection(SolutionConfigurationPlatforms) = preSolution
		Debug|Any CPU = Debug|Any CPU
		Release|Any CPU = Release|Any CPU
	EndGlobalSection
	GlobalSection(ProjectConfigurationPlatforms) = postSolution
		{15C93AE6-62F1-429D-875D-8D7B71CAC198}.Debug|Any CPU.ActiveCfg = Debug|Any CPU
		{15C93AE6-62F1-429D-875D-8D7B71CAC198}.Debug|Any CPU.Build.0 = Debug|Any CPU
		{15C93AE6-62F1-429D-875D-8D7B71CAC198}.Release|Any CPU.ActiveCfg = Release|Any CPU
		{15C93AE6-62F1-429D-875D-8D7B71CAC198}.Release|Any CPU.Build.0 = Release|Any CPU
		{08891816-C296-4A67-8321-2CEFE1236FA3}.Debug|Any CPU.ActiveCfg = Debug|Any CPU
		{08891816-C296-4A67-8321-2CEFE1236FA3}.Debug|Any CPU.Build.0 = Debug|Any CPU
		{08891816-C296-4A67-8321-2CEFE1236FA3}.Release|Any CPU.ActiveCfg = Release|Any CPU
		{08891816-C296-4A67-8321-2CEFE1236FA3}.Release|Any CPU.Build.0 = Release|Any CPU
		{D575092E-6C28-423B-8A54-F7B88113EF02}.Debug|Any CPU.ActiveCfg = Debug|Any CPU
		{D575092E-6C28-423B-8A54-F7B88113EF02}.Debug|Any CPU.Build.0 = Debug|Any CPU
		{D575092E-6C28-423B-8A54-F7B88113EF02}.Release|Any CPU.ActiveCfg = Release|Any CPU
		{D575092E-6C28-423B-8A54-F7B88113EF02}.Release|Any CPU.Build.0 = Release|Any CPU
		{B48910A6-3E31-41B8-8AF4-7929F83D6D9D}.Debug|Any CPU.ActiveCfg = Debug|Any CPU
		{B48910A6-3E31-41B8-8AF4-7929F83D6D9D}.Debug|Any CPU.Build.0 = Debug|Any CPU
		{B48910A6-3E31-41B8-8AF4-7929F83D6D9D}.Release|Any CPU.ActiveCfg = Release|Any CPU
		{B48910A6-3E31-41B8-8AF4-7929F83D6D9D}.Release|Any CPU.Build.0 = Release|Any CPU
		{2A5C3F8F-76AA-4BF0-9D9D-DAB7A04CA379}.Debug|Any CPU.ActiveCfg = Debug|Any CPU
		{2A5C3F8F-76AA-4BF0-9D9D-DAB7A04CA379}.Debug|Any CPU.Build.0 = Debug|Any CPU
		{2A5C3F8F-76AA-4BF0-9D9D-DAB7A04CA379}.Release|Any CPU.ActiveCfg = Release|Any CPU
		{2A5C3F8F-76AA-4BF0-9D9D-DAB7A04CA379}.Release|Any CPU.Build.0 = Release|Any CPU
		{BBE0C6B9-B0F0-48E4-9A8B-3947589F9E23}.Debug|Any CPU.ActiveCfg = Debug|Any CPU
		{BBE0C6B9-B0F0-48E4-9A8B-3947589F9E23}.Debug|Any CPU.Build.0 = Debug|Any CPU
		{BBE0C6B9-B0F0-48E4-9A8B-3947589F9E23}.Release|Any CPU.ActiveCfg = Release|Any CPU
		{BBE0C6B9-B0F0-48E4-9A8B-3947589F9E23}.Release|Any CPU.Build.0 = Release|Any CPU
		{B921FDD0-18B8-4EB2-98C7-C68794E3475D}.Debug|Any CPU.ActiveCfg = Debug|Any CPU
		{B921FDD0-18B8-4EB2-98C7-C68794E3475D}.Debug|Any CPU.Build.0 = Debug|Any CPU
		{B921FDD0-18B8-4EB2-98C7-C68794E3475D}.Release|Any CPU.ActiveCfg = Release|Any CPU
		{B921FDD0-18B8-4EB2-98C7-C68794E3475D}.Release|Any CPU.Build.0 = Release|Any CPU
		{6E6E4D0B-0464-4F00-A587-9366D6B25031}.Debug|Any CPU.ActiveCfg = Debug|Any CPU
		{6E6E4D0B-0464-4F00-A587-9366D6B25031}.Debug|Any CPU.Build.0 = Debug|Any CPU
		{6E6E4D0B-0464-4F00-A587-9366D6B25031}.Release|Any CPU.ActiveCfg = Release|Any CPU
		{6E6E4D0B-0464-4F00-A587-9366D6B25031}.Release|Any CPU.Build.0 = Release|Any CPU
		{9E4EA751-63A8-4BE5-A449-30BFE35CBF1E}.Debug|Any CPU.ActiveCfg = Debug|Any CPU
		{9E4EA751-63A8-4BE5-A449-30BFE35CBF1E}.Debug|Any CPU.Build.0 = Debug|Any CPU
		{9E4EA751-63A8-4BE5-A449-30BFE35CBF1E}.Release|Any CPU.ActiveCfg = Release|Any CPU
		{9E4EA751-63A8-4BE5-A449-30BFE35CBF1E}.Release|Any CPU.Build.0 = Release|Any CPU
		{CC5508E6-F2BC-4B84-A2CF-3B9A6D216BE3}.Debug|Any CPU.ActiveCfg = Debug|Any CPU
		{CC5508E6-F2BC-4B84-A2CF-3B9A6D216BE3}.Debug|Any CPU.Build.0 = Debug|Any CPU
		{CC5508E6-F2BC-4B84-A2CF-3B9A6D216BE3}.Release|Any CPU.ActiveCfg = Release|Any CPU
		{CC5508E6-F2BC-4B84-A2CF-3B9A6D216BE3}.Release|Any CPU.Build.0 = Release|Any CPU
		{A1BA9323-06D7-4393-8CCD-B18F5015A4B9}.Debug|Any CPU.ActiveCfg = Debug|Any CPU
		{A1BA9323-06D7-4393-8CCD-B18F5015A4B9}.Debug|Any CPU.Build.0 = Debug|Any CPU
		{A1BA9323-06D7-4393-8CCD-B18F5015A4B9}.Release|Any CPU.ActiveCfg = Release|Any CPU
		{A1BA9323-06D7-4393-8CCD-B18F5015A4B9}.Release|Any CPU.Build.0 = Release|Any CPU
		{2C74BD13-34ED-4B66-A957-51BA25F46C36}.Debug|Any CPU.ActiveCfg = Debug|Any CPU
		{2C74BD13-34ED-4B66-A957-51BA25F46C36}.Debug|Any CPU.Build.0 = Debug|Any CPU
		{2C74BD13-34ED-4B66-A957-51BA25F46C36}.Release|Any CPU.ActiveCfg = Release|Any CPU
		{2C74BD13-34ED-4B66-A957-51BA25F46C36}.Release|Any CPU.Build.0 = Release|Any CPU
	EndGlobalSection
	GlobalSection(SolutionProperties) = preSolution
		HideSolutionNode = FALSE
	EndGlobalSection
	GlobalSection(ExtensibilityGlobals) = postSolution
		SolutionGuid = {E4C9F2B9-A8D8-46A9-B8D7-17F7EA8602C5}
	EndGlobalSection
EndGlobal
